schema: '2.0'
stages:
  build_fiftyone_dataset:
    cmd: "python build_fiftyone_dataset.py --samples data/index/samples.parquet --detections
      data/index/detections.parquet --images-root data --dataset th_cups_v1 --field
      ground_truth --overwrite --persistent --skip-missing-images\n"
    deps:
    - path: build_fiftyone_dataset.py
      hash: md5
      md5: 346a54775ce205cec2f78357695b2381
      size: 8005
    - path: data/images
      hash: md5
      md5: d3a6876aba574a830e55078a8b492d29.dir
      size: 3220611154
      nfiles: 2203
    - path: data/index/detections.parquet
      hash: md5
      md5: 005abba703eddfaef2e2506e09ed34ba
      size: 319258
    - path: data/index/samples.parquet
      hash: md5
      md5: 8f8c8c9e63395e4881d6864cb98c28ca
      size: 352744
    params:
      params.yaml:
        fiftyone.dataset: th_cups_v1
        fiftyone.label_field: ground_truth
  cache_resize_images:
    cmd: "python cache_resize_images.py --samples data/index/samples.parquet --images-root
      data --cache-root .personal_cache/resized_512 --max-side 512 --format jpg --jpeg-quality
      92 --resample lanczos --exif-orient --skip-missing --manifest-out data/derived/cache/cache_manifest_512.parquet\n"
    deps:
    - path: cache_resize_images.py
      hash: md5
      md5: 44034de36fdd71ea5755c07c6c57212b
      size: 10025
    - path: data/images
      hash: md5
      md5: c9f3b987249ca3ffbb6f155d589a6fed.dir
      size: 3595384563
      nfiles: 2503
    - path: data/index/samples.parquet
      hash: md5
      md5: ff5cda211e7522143d43e94a43553fd0
      size: 399522
    params:
      params.yaml:
        cache.exif_orient: true
        cache.format: jpg
        cache.jpeg_quality: 92
        cache.resample: lanczos
        cache.size_mode: max-side
        cache.target: 512
    outs:
    - path: data/derived/cache/cache_manifest_512.parquet
      hash: md5
      md5: 7d3d1a991bce5d0b42d4488ec7d35b01
      size: 175370
  compute_embeddings:
    cmd: "python compute_embeddings_fo.py --dataset th_cups_v1 --cache-manifest data/derived/cache/cache_manifest_512.parquet
      --out-dir data/derived/embeddings --dinov2-model dinov2-vitl14-torch --clip-model
      open-clip-torch --dinov2-field emb_dinov2 --clip-field emb_clip --batch-size
      32 --num-workers 8 --write-to-fo true --overwrite-parquet\n"
    deps:
    - path: compute_embeddings_fo.py
      hash: md5
      md5: 06fbe479ae6a41cf4167cd7eb3e80e59
      size: 10718
    - path: data/derived/cache/cache_manifest_512.parquet
      hash: md5
      md5: b67bc238d4e31b2fea4a414f3706d820
      size: 171353
    params:
      params.yaml:
        embeddings.batch_size: 32
        embeddings.clip_model: open-clip-torch
        embeddings.dinov2_model: dinov2-vitl14-torch
        embeddings.num_workers: 8
        embeddings.write_to_fo: true
        fiftyone.clip_field: emb_clip
        fiftyone.dataset: th_cups_v1
        fiftyone.dinov2_field: emb_dinov2
    outs:
    - path: data/derived/embeddings/clip_embeddings.parquet
      hash: md5
      md5: 15c1155a43a381a4ae51d348ad01b1a5
      size: 7795395
    - path: data/derived/embeddings/dinov2_embeddings.parquet
      hash: md5
      md5: 8bdb2d26358915b128b4373621aec922
      size: 15251613
  umap_dinov2:
    cmd: "python compute_umap.py --embeddings data/derived/embeddings/dinov2_embeddings.parquet
      --out data/derived/umap/dinov2_umap.parquet --n-neighbors 200 --min-dist 0.05
      --metric cosine --seed 42 --normalize l2 --overwrite\n"
    deps:
    - path: compute_umap.py
      hash: md5
      md5: 9ffb0fdcef553ad5f5a15b044f8cf4d1
      size: 7460
    - path: data/derived/embeddings/dinov2_embeddings.parquet
      hash: md5
      md5: 8bdb2d26358915b128b4373621aec922
      size: 15251613
    params:
      params.yaml:
        umap.metric: cosine
        umap.min_dist: 0.05
        umap.n_neighbors: 200
        umap.normalize: l2
        umap.seed: 42
    outs:
    - path: data/derived/umap/dinov2_umap.parquet
      hash: md5
      md5: fbe408239412421a956711a66f2234ce
      size: 81199
  umap_clip:
    cmd: "python compute_umap.py --embeddings data/derived/embeddings/clip_embeddings.parquet
      --out data/derived/umap/clip_umap.parquet --n-neighbors 200 --min-dist 0.05
      --metric cosine --seed 42 --normalize l2 --overwrite\n"
    deps:
    - path: compute_umap.py
      hash: md5
      md5: 9ffb0fdcef553ad5f5a15b044f8cf4d1
      size: 7460
    - path: data/derived/embeddings/clip_embeddings.parquet
      hash: md5
      md5: 15c1155a43a381a4ae51d348ad01b1a5
      size: 7795395
    params:
      params.yaml:
        umap.metric: cosine
        umap.min_dist: 0.05
        umap.n_neighbors: 200
        umap.normalize: l2
        umap.seed: 42
    outs:
    - path: data/derived/umap/clip_umap.parquet
      hash: md5
      md5: 08acb320cc7ca07172b4d1a017892ccf
      size: 81179
  brain_umap_clip:
    cmd: "python compute_brain_visualisation.py --dataset th_cups_v1 --embeddings-field
      emb_clip --method umap --brain-key umap_clip_cache512_Large --metric cosine
      --seed 42 --n-neighbors 200 --min-dist 0.05 --overwrite\n"
    deps:
    - path: compute_brain_visualisation.py
      hash: md5
      md5: 4b4a34df5e8fe7c14e1ffda3df92d2dd
      size: 4509
    params:
      params.yaml:
        cache.target: 512
        embeddings.clip_model: open-clip-torch
        fiftyone.clip_field: emb_clip
        fiftyone.dataset: th_cups_v1
        umap.metric: cosine
        umap.min_dist: 0.05
        umap.n_neighbors: 200
        umap.seed: 42
  brain_umap_dinov2:
    cmd: "python compute_brain_visualisation.py --dataset th_cups_v1 --embeddings-field
      emb_dinov2 --method umap --brain-key umap_dinov2_cache512_Large --metric cosine
      --seed 42 --n-neighbors 200 --min-dist 0.05 --overwrite\n"
    deps:
    - path: compute_brain_visualisation.py
      hash: md5
      md5: 4b4a34df5e8fe7c14e1ffda3df92d2dd
      size: 4509
    params:
      params.yaml:
        cache.target: 512
        embeddings.dinov2_model: dinov2-vitl14-torch
        fiftyone.dataset: th_cups_v1
        fiftyone.dinov2_field: emb_dinov2
        umap.metric: cosine
        umap.min_dist: 0.05
        umap.n_neighbors: 200
        umap.seed: 42
