schema: '2.0'
stages:
  build_fiftyone_dataset:
    cmd: "python build_fiftyone_dataset.py --samples data/index/samples.parquet --detections
      data/index/detections.parquet --images-root data --dataset th_cups_v1 --field
      ground_truth --overwrite --persistent --skip-missing-images\n"
    deps:
    - path: build_fiftyone_dataset.py
      hash: md5
      md5: 346a54775ce205cec2f78357695b2381
      size: 8005
    - path: data/images
      hash: md5
      md5: 8bfd0a3dfdb8e8a1a56360c3f42120ed.dir
      size: 3344991298
      nfiles: 2371
    - path: data/index/detections.parquet
      hash: md5
      md5: c7155b10f058d35f14d2729428a2b6a9
      size: 343523
    - path: data/index/samples.parquet
      hash: md5
      md5: 2e50529647018a31733d9a9f5b48fa2b
      size: 389517
    params:
      params.yaml:
        fiftyone.dataset: th_cups_v1
        fiftyone.label_field: ground_truth
  cache_resize_images:
    cmd: "python cache_resize_images.py --samples data/index/samples.parquet --images-root
      data --cache-root .personal_cache/resized_512 --max-side 512 --format jpg --jpeg-quality
      92 --resample lanczos --exif-orient --skip-missing --manifest-out data/derived/cache/cache_manifest_512.parquet\n"
    deps:
    - path: cache_resize_images.py
      hash: md5
      md5: 44034de36fdd71ea5755c07c6c57212b
      size: 10025
    - path: data/images
      hash: md5
      md5: 8bfd0a3dfdb8e8a1a56360c3f42120ed.dir
      size: 3344991298
      nfiles: 2371
    - path: data/index/samples.parquet
      hash: md5
      md5: 2e50529647018a31733d9a9f5b48fa2b
      size: 389517
    params:
      params.yaml:
        cache.exif_orient: true
        cache.format: jpg
        cache.jpeg_quality: 92
        cache.resample: lanczos
        cache.size_mode: max-side
        cache.target: 512
    outs:
    - path: data/derived/cache/cache_manifest_512.parquet
      hash: md5
      md5: b67bc238d4e31b2fea4a414f3706d820
      size: 171353
  compute_embeddings:
    cmd: "python compute_embeddings_fo.py --dataset th_cups_v1 --cache-manifest data/derived/cache/cache_manifest_512.parquet
      --out-dir data/derived/embeddings --dinov2-model dinov2-vitl14-torch --clip-model
      open-clip-torch --dinov2-field emb_dinov2 --clip-field emb_clip --batch-size
      32 --num-workers 8 --write-to-fo true --overwrite-parquet\n"
    deps:
    - path: compute_embeddings_fo.py
      hash: md5
      md5: e523901b21fe26de17da66c67abcc361
      size: 10426
    - path: data/derived/cache/cache_manifest_512.parquet
      hash: md5
      md5: b67bc238d4e31b2fea4a414f3706d820
      size: 171353
    params:
      params.yaml:
        embeddings.batch_size: 32
        embeddings.clip_model: open-clip-torch
        embeddings.dinov2_model: dinov2-vitl14-torch
        embeddings.num_workers: 8
        embeddings.write_to_fo: true
        fiftyone.clip_field: emb_clip
        fiftyone.dataset: th_cups_v1
        fiftyone.dinov2_field: emb_dinov2
    outs:
    - path: data/derived/embeddings/clip_embeddings.parquet
      hash: md5
      md5: 15c1155a43a381a4ae51d348ad01b1a5
      size: 7795395
    - path: data/derived/embeddings/dinov2_embeddings.parquet
      hash: md5
      md5: 8bdb2d26358915b128b4373621aec922
      size: 15251613
  umap_dinov2:
    cmd: "python compute_umap.py --embeddings data/derived/embeddings/dinov2_embeddings.parquet
      --out data/derived/umap/dinov2_umap.parquet --n-neighbors 200 --min-dist 0.05
      --metric cosine --seed 42 --normalize l2 --overwrite\n"
    deps:
    - path: compute_umap.py
      hash: md5
      md5: eee989ffae88c8cdb2588ebee28b39bb
      size: 7221
    - path: data/derived/embeddings/dinov2_embeddings.parquet
      hash: md5
      md5: 8bdb2d26358915b128b4373621aec922
      size: 15251613
    params:
      params.yaml:
        umap.metric: cosine
        umap.min_dist: 0.05
        umap.n_neighbors: 200
        umap.normalize: l2
        umap.seed: 42
    outs:
    - path: data/derived/umap/dinov2_umap.parquet
      hash: md5
      md5: fbe408239412421a956711a66f2234ce
      size: 81199
  umap_clip:
    cmd: "python compute_umap.py --embeddings data/derived/embeddings/clip_embeddings.parquet
      --out data/derived/umap/clip_umap.parquet --n-neighbors 200 --min-dist 0.05
      --metric cosine --seed 42 --normalize l2 --overwrite\n"
    deps:
    - path: compute_umap.py
      hash: md5
      md5: eee989ffae88c8cdb2588ebee28b39bb
      size: 7221
    - path: data/derived/embeddings/clip_embeddings.parquet
      hash: md5
      md5: 15c1155a43a381a4ae51d348ad01b1a5
      size: 7795395
    params:
      params.yaml:
        umap.metric: cosine
        umap.min_dist: 0.05
        umap.n_neighbors: 200
        umap.normalize: l2
        umap.seed: 42
    outs:
    - path: data/derived/umap/clip_umap.parquet
      hash: md5
      md5: 08acb320cc7ca07172b4d1a017892ccf
      size: 81179
  brain_umap_clip:
    cmd: "python compute_brain_visualisation.py --dataset th_cups_v1 --embeddings-field
      emb_clip --method umap --brain-key umap_clip_cache512_Large --metric cosine
      --seed 42 --n-neighbors 200 --min-dist 0.05 --overwrite\n"
    deps:
    - path: compute_brain_visualisation.py
      hash: md5
      md5: 382177b5be6118ae087a0332c6a8283c
      size: 4367
    params:
      params.yaml:
        cache.target: 512
        embeddings.clip_model: open-clip-torch
        fiftyone.clip_field: emb_clip
        fiftyone.dataset: th_cups_v1
        umap.metric: cosine
        umap.min_dist: 0.05
        umap.n_neighbors: 200
        umap.seed: 42
  brain_umap_dinov2:
    cmd: "python compute_brain_visualisation.py --dataset th_cups_v1 --embeddings-field
      emb_dinov2 --method umap --brain-key umap_dinov2_cache512_Large --metric cosine
      --seed 42 --n-neighbors 200 --min-dist 0.05 --overwrite\n"
    deps:
    - path: compute_brain_visualisation.py
      hash: md5
      md5: 382177b5be6118ae087a0332c6a8283c
      size: 4367
    params:
      params.yaml:
        cache.target: 512
        embeddings.dinov2_model: dinov2-vitl14-torch
        fiftyone.dataset: th_cups_v1
        fiftyone.dinov2_field: emb_dinov2
        umap.metric: cosine
        umap.min_dist: 0.05
        umap.n_neighbors: 200
        umap.seed: 42
